// !$*UTF8*$!
{
	archiveVersion = 1;
	classes = {};
	objectVersion = 60;
	objects = {
		1B23F66D321BFB0797FB2AE9 = { isa = PBXFileReference; lastKnownFileType = sourcecode.swift; path = "ApiClient.swift"; sourceTree = "<group>"; };
		11F7A2B2DB0D1AE23C021914 = { isa = PBXBuildFile; fileRef = 1B23F66D321BFB0797FB2AE9; };
		E19DBB6588F93F5A747EDAD6 = { isa = PBXFileReference; lastKnownFileType = sourcecode.swift; path = "AppModel.swift"; sourceTree = "<group>"; };
		9A719AEB6A2CFC72E2CED7AD = { isa = PBXBuildFile; fileRef = E19DBB6588F93F5A747EDAD6; };
		692DA9B170633878EE4455CA = { isa = PBXFileReference; lastKnownFileType = sourcecode.swift; path = "CallKitBridge.swift"; sourceTree = "<group>"; };
		3754EEA0C20752A4DE03DB8D = { isa = PBXBuildFile; fileRef = 692DA9B170633878EE4455CA; };
		8C8936DC776EFEC354B9530E = { isa = PBXFileReference; lastKnownFileType = sourcecode.swift; path = "CallMedia.swift"; sourceTree = "<group>"; };
		1EEE0221F0620B8EC66F30CC = { isa = PBXBuildFile; fileRef = 8C8936DC776EFEC354B9530E; };
		7BCAA94B7D9ED2C9FA733E5E = { isa = PBXFileReference; lastKnownFileType = sourcecode.swift; path = "Contracts.swift"; sourceTree = "<group>"; };
		A102762F5622E274C7540859 = { isa = PBXBuildFile; fileRef = 7BCAA94B7D9ED2C9FA733E5E; };
		A9A65C0ECF245FFDEE6711E7 = { isa = PBXFileReference; lastKnownFileType = sourcecode.swift; path = "CredentialVault.swift"; sourceTree = "<group>"; };
		417990A6D3D7EDE8815DBF7C = { isa = PBXBuildFile; fileRef = A9A65C0ECF245FFDEE6711E7; };
		F554B7870272DA55791A5581 = { isa = PBXFileReference; lastKnownFileType = sourcecode.swift; path = "KCommsApp.swift"; sourceTree = "<group>"; };
		716126E4636F934FB4259A4A = { isa = PBXBuildFile; fileRef = F554B7870272DA55791A5581; };
		2190A1B8C2CA0A0E04C378F3 = { isa = PBXFileReference; lastKnownFileType = sourcecode.swift; path = "MessageReplay.swift"; sourceTree = "<group>"; };
		E520D3071F1315076E0836E9 = { isa = PBXBuildFile; fileRef = 2190A1B8C2CA0A0E04C378F3; };
		8148C8335852B605D211927A = { isa = PBXFileReference; lastKnownFileType = sourcecode.swift; path = "PhoenixRealtime.swift"; sourceTree = "<group>"; };
		BA04E30EAF3665FF9DA085BA = { isa = PBXBuildFile; fileRef = 8148C8335852B605D211927A; };
		1F710597665ACCF1D1097F9C = { isa = PBXFileReference; lastKnownFileType = sourcecode.swift; path = "PhoneContracts.swift"; sourceTree = "<group>"; };
		62C9D0992348F6A9AE04D333 = { isa = PBXBuildFile; fileRef = 1F710597665ACCF1D1097F9C; };
		55DFF3D88049AC0FE68120B1 = { isa = PBXFileReference; lastKnownFileType = sourcecode.swift; path = "PhoneModel.swift"; sourceTree = "<group>"; };
		8B298F594FDADEE52E239DC6 = { isa = PBXBuildFile; fileRef = 55DFF3D88049AC0FE68120B1; };
		E9833A11CD583EB9A99E519E = { isa = PBXFileReference; lastKnownFileType = sourcecode.swift; path = "PhoneView.swift"; sourceTree = "<group>"; };
		F0820B0C4E943BAED4677040 = { isa = PBXBuildFile; fileRef = E9833A11CD583EB9A99E519E; };
		E3E07241C8DAFF94BEB12D4F = { isa = PBXFileReference; lastKnownFileType = sourcecode.swift; path = "RootView.swift"; sourceTree = "<group>"; };
		9C5762DE5FE2CE72E1622EA1 = { isa = PBXBuildFile; fileRef = E3E07241C8DAFF94BEB12D4F; };
		2189FC72E1C7EF2F7ECDE1E3 = { isa = PBXFileReference; lastKnownFileType = sourcecode.swift; path = "ApiClientTests.swift"; sourceTree = "<group>"; };
		191F48312E9A61EDE06BA929 = { isa = PBXBuildFile; fileRef = 2189FC72E1C7EF2F7ECDE1E3; };
		022FA700645F0C835BB12242 = { isa = PBXFileReference; lastKnownFileType = sourcecode.swift; path = "MessageReplayTests.swift"; sourceTree = "<group>"; };
		98610BB91DBE01147550D4D3 = { isa = PBXBuildFile; fileRef = 022FA700645F0C835BB12242; };
		9CEEC13202AFBF12EE3ABB99 = { isa = PBXFileReference; lastKnownFileType = text.plist.xml; path = Info.plist; sourceTree = "<group>"; };
		681C948D238C526E9E3424E0 = { isa = PBXFileReference; explicitFileType = wrapper.application; includeInIndex = 0; path = KComms.app; sourceTree = BUILT_PRODUCTS_DIR; };
		F739566ED5280322FF98A798 = { isa = PBXFileReference; explicitFileType = wrapper.cfbundle; includeInIndex = 0; path = KCommsTests.xctest; sourceTree = BUILT_PRODUCTS_DIR; };
		FC233BDA2344D97687F5A251 = { isa = PBXGroup; children = (1B23F66D321BFB0797FB2AE9, E19DBB6588F93F5A747EDAD6, 692DA9B170633878EE4455CA, 8C8936DC776EFEC354B9530E, 7BCAA94B7D9ED2C9FA733E5E, A9A65C0ECF245FFDEE6711E7, F554B7870272DA55791A5581, 2190A1B8C2CA0A0E04C378F3, 8148C8335852B605D211927A, 1F710597665ACCF1D1097F9C, 55DFF3D88049AC0FE68120B1, E9833A11CD583EB9A99E519E, E3E07241C8DAFF94BEB12D4F, 9CEEC13202AFBF12EE3ABB99); path = KComms; sourceTree = "<group>"; };
		C4E2E7F217DE3642E7714F4E = { isa = PBXGroup; children = (2189FC72E1C7EF2F7ECDE1E3, 022FA700645F0C835BB12242); path = KCommsTests; sourceTree = "<group>"; };
		0A3E27B8CA818264D75C8D81 = { isa = PBXGroup; children = (681C948D238C526E9E3424E0, F739566ED5280322FF98A798); name = Products; sourceTree = "<group>"; };
		19F479106CE8C3BA8C106518 = { isa = PBXGroup; children = (FC233BDA2344D97687F5A251, C4E2E7F217DE3642E7714F4E, 0A3E27B8CA818264D75C8D81); sourceTree = "<group>"; };
		C536310C15EC0DDD5285C0E8 = { isa = XCRemoteSwiftPackageReference; repositoryURL = "https://github.com/livekit/client-sdk-swift.git"; requirement = { kind = exactVersion; version = 2.17.0; }; };
		91DD037FCA979EBA5C4843D9 = { isa = XCSwiftPackageProductDependency; package = C536310C15EC0DDD5285C0E8; productName = LiveKit; };
		5F260B5533994D00299F0D6A = { isa = PBXBuildFile; productRef = 91DD037FCA979EBA5C4843D9; };
		AFF87A50730392B6633ACECE = { isa = PBXSourcesBuildPhase; buildActionMask = 2147483647; files = (11F7A2B2DB0D1AE23C021914, 9A719AEB6A2CFC72E2CED7AD, 3754EEA0C20752A4DE03DB8D, 1EEE0221F0620B8EC66F30CC, A102762F5622E274C7540859, 417990A6D3D7EDE8815DBF7C, 716126E4636F934FB4259A4A, E520D3071F1315076E0836E9, BA04E30EAF3665FF9DA085BA, 62C9D0992348F6A9AE04D333, 8B298F594FDADEE52E239DC6, F0820B0C4E943BAED4677040, 9C5762DE5FE2CE72E1622EA1); runOnlyForDeploymentPostprocessing = 0; };
		DEE94446A282611C16F7781C = { isa = PBXSourcesBuildPhase; buildActionMask = 2147483647; files = (191F48312E9A61EDE06BA929, 98610BB91DBE01147550D4D3); runOnlyForDeploymentPostprocessing = 0; };
		7A4C2DC8FCA657188648E999 = { isa = PBXFrameworksBuildPhase; buildActionMask = 2147483647; files = (5F260B5533994D00299F0D6A); runOnlyForDeploymentPostprocessing = 0; };
		B10CDED79664567B030B2B4F = { isa = PBXFrameworksBuildPhase; buildActionMask = 2147483647; files = (); runOnlyForDeploymentPostprocessing = 0; };
		F9187E824FE171A6F0EFAE28 = { isa = PBXResourcesBuildPhase; buildActionMask = 2147483647; files = (); runOnlyForDeploymentPostprocessing = 0; };
		488864B3D19480A82F7F1786 = { isa = XCBuildConfiguration; buildSettings = { IPHONEOS_DEPLOYMENT_TARGET = "17.0"; SDKROOT = "iphoneos"; SWIFT_VERSION = "5.0"; SWIFT_STRICT_CONCURRENCY = "targeted"; CLANG_ENABLE_MODULES = "YES"; CLANG_ENABLE_OBJC_ARC = "YES"; CODE_SIGNING_ALLOWED = "NO"; CODE_SIGNING_REQUIRED = "NO"; CODE_SIGN_IDENTITY = ""; TARGETED_DEVICE_FAMILY = "1,2"; MARKETING_VERSION = "0.1.0"; CURRENT_PROJECT_VERSION = "1"; ENABLE_USER_SCRIPT_SANDBOXING = "YES"; SWIFT_OPTIMIZATION_LEVEL = "-Onone"; ENABLE_TESTABILITY = "YES"; DEBUG_INFORMATION_FORMAT = "dwarf"; SWIFT_ACTIVE_COMPILATION_CONDITIONS = "DEBUG"; }; name = Debug; };
		35B1014F135DE9B45529B733 = { isa = XCBuildConfiguration; buildSettings = { IPHONEOS_DEPLOYMENT_TARGET = "17.0"; SDKROOT = "iphoneos"; SWIFT_VERSION = "5.0"; SWIFT_STRICT_CONCURRENCY = "targeted"; CLANG_ENABLE_MODULES = "YES"; CLANG_ENABLE_OBJC_ARC = "YES"; CODE_SIGNING_ALLOWED = "NO"; CODE_SIGNING_REQUIRED = "NO"; CODE_SIGN_IDENTITY = ""; TARGETED_DEVICE_FAMILY = "1,2"; MARKETING_VERSION = "0.1.0"; CURRENT_PROJECT_VERSION = "1"; ENABLE_USER_SCRIPT_SANDBOXING = "YES"; SWIFT_OPTIMIZATION_LEVEL = "-O"; DEBUG_INFORMATION_FORMAT = "dwarf-with-dsym"; }; name = Release; };
		B4E10CAA9C5E22150B71559C = { isa = XCConfigurationList; buildConfigurations = (488864B3D19480A82F7F1786, 35B1014F135DE9B45529B733); defaultConfigurationIsVisible = 0; defaultConfigurationName = Release; };
		2A04C20BF6D5C20A63A1D4CC = { isa = XCBuildConfiguration; buildSettings = { IPHONEOS_DEPLOYMENT_TARGET = "17.0"; SDKROOT = "iphoneos"; SWIFT_VERSION = "5.0"; SWIFT_STRICT_CONCURRENCY = "targeted"; CLANG_ENABLE_MODULES = "YES"; CLANG_ENABLE_OBJC_ARC = "YES"; CODE_SIGNING_ALLOWED = "NO"; CODE_SIGNING_REQUIRED = "NO"; CODE_SIGN_IDENTITY = ""; TARGETED_DEVICE_FAMILY = "1,2"; MARKETING_VERSION = "0.1.0"; CURRENT_PROJECT_VERSION = "1"; ENABLE_USER_SCRIPT_SANDBOXING = "YES"; PRODUCT_BUNDLE_IDENTIFIER = "com.soyuztec.kcomms"; PRODUCT_NAME = "$(TARGET_NAME)"; INFOPLIST_FILE = "KComms/Info.plist"; GENERATE_INFOPLIST_FILE = "NO"; LD_RUNPATH_SEARCH_PATHS = "$(inherited) @executable_path/Frameworks"; SWIFT_OPTIMIZATION_LEVEL = "-Onone"; ENABLE_TESTABILITY = "YES"; DEBUG_INFORMATION_FORMAT = "dwarf"; SWIFT_ACTIVE_COMPILATION_CONDITIONS = "DEBUG"; }; name = Debug; };
		E28089EB494F94D6F9770EC2 = { isa = XCBuildConfiguration; buildSettings = { IPHONEOS_DEPLOYMENT_TARGET = "17.0"; SDKROOT = "iphoneos"; SWIFT_VERSION = "5.0"; SWIFT_STRICT_CONCURRENCY = "targeted"; CLANG_ENABLE_MODULES = "YES"; CLANG_ENABLE_OBJC_ARC = "YES"; CODE_SIGNING_ALLOWED = "NO"; CODE_SIGNING_REQUIRED = "NO"; CODE_SIGN_IDENTITY = ""; TARGETED_DEVICE_FAMILY = "1,2"; MARKETING_VERSION = "0.1.0"; CURRENT_PROJECT_VERSION = "1"; ENABLE_USER_SCRIPT_SANDBOXING = "YES"; PRODUCT_BUNDLE_IDENTIFIER = "com.soyuztec.kcomms"; PRODUCT_NAME = "$(TARGET_NAME)"; INFOPLIST_FILE = "KComms/Info.plist"; GENERATE_INFOPLIST_FILE = "NO"; LD_RUNPATH_SEARCH_PATHS = "$(inherited) @executable_path/Frameworks"; SWIFT_OPTIMIZATION_LEVEL = "-O"; DEBUG_INFORMATION_FORMAT = "dwarf-with-dsym"; }; name = Release; };
		7BCEE9A04133D8A2FED7D4D3 = { isa = XCConfigurationList; buildConfigurations = (2A04C20BF6D5C20A63A1D4CC, E28089EB494F94D6F9770EC2); defaultConfigurationIsVisible = 0; defaultConfigurationName = Release; };
		12946E3301F628EAC49744B8 = { isa = XCBuildConfiguration; buildSettings = { IPHONEOS_DEPLOYMENT_TARGET = "17.0"; SDKROOT = "iphoneos"; SWIFT_VERSION = "5.0"; SWIFT_STRICT_CONCURRENCY = "targeted"; CLANG_ENABLE_MODULES = "YES"; CLANG_ENABLE_OBJC_ARC = "YES"; CODE_SIGNING_ALLOWED = "NO"; CODE_SIGNING_REQUIRED = "NO"; CODE_SIGN_IDENTITY = ""; TARGETED_DEVICE_FAMILY = "1,2"; MARKETING_VERSION = "0.1.0"; CURRENT_PROJECT_VERSION = "1"; ENABLE_USER_SCRIPT_SANDBOXING = "YES"; PRODUCT_BUNDLE_IDENTIFIER = "com.soyuztec.kcomms.tests"; PRODUCT_NAME = "$(TARGET_NAME)"; GENERATE_INFOPLIST_FILE = "YES"; TEST_HOST = "$(BUILT_PRODUCTS_DIR)/KComms.app/KComms"; BUNDLE_LOADER = "$(TEST_HOST)"; LD_RUNPATH_SEARCH_PATHS = "$(inherited) @executable_path/Frameworks @loader_path/Frameworks"; SWIFT_OPTIMIZATION_LEVEL = "-Onone"; ENABLE_TESTABILITY = "YES"; DEBUG_INFORMATION_FORMAT = "dwarf"; SWIFT_ACTIVE_COMPILATION_CONDITIONS = "DEBUG"; }; name = Debug; };
		42EE86C84AAD61C6F57FBD29 = { isa = XCBuildConfiguration; buildSettings = { IPHONEOS_DEPLOYMENT_TARGET = "17.0"; SDKROOT = "iphoneos"; SWIFT_VERSION = "5.0"; SWIFT_STRICT_CONCURRENCY = "targeted"; CLANG_ENABLE_MODULES = "YES"; CLANG_ENABLE_OBJC_ARC = "YES"; CODE_SIGNING_ALLOWED = "NO"; CODE_SIGNING_REQUIRED = "NO"; CODE_SIGN_IDENTITY = ""; TARGETED_DEVICE_FAMILY = "1,2"; MARKETING_VERSION = "0.1.0"; CURRENT_PROJECT_VERSION = "1"; ENABLE_USER_SCRIPT_SANDBOXING = "YES"; PRODUCT_BUNDLE_IDENTIFIER = "com.soyuztec.kcomms.tests"; PRODUCT_NAME = "$(TARGET_NAME)"; GENERATE_INFOPLIST_FILE = "YES"; TEST_HOST = "$(BUILT_PRODUCTS_DIR)/KComms.app/KComms"; BUNDLE_LOADER = "$(TEST_HOST)"; LD_RUNPATH_SEARCH_PATHS = "$(inherited) @executable_path/Frameworks @loader_path/Frameworks"; SWIFT_OPTIMIZATION_LEVEL = "-O"; DEBUG_INFORMATION_FORMAT = "dwarf-with-dsym"; }; name = Release; };
		03DD3B561E55E02346DA0484 = { isa = XCConfigurationList; buildConfigurations = (12946E3301F628EAC49744B8, 42EE86C84AAD61C6F57FBD29); defaultConfigurationIsVisible = 0; defaultConfigurationName = Release; };
		00B65C7FF4DF955E2B77DCDC = { isa = PBXContainerItemProxy; containerPortal = 244210E48437B6556980A702; proxyType = 1; remoteGlobalIDString = C1E9827DB735CA9BAA54A540; remoteInfo = KComms; };
		F9A94CEF8CF7D85CE881E703 = { isa = PBXTargetDependency; target = C1E9827DB735CA9BAA54A540; targetProxy = 00B65C7FF4DF955E2B77DCDC; };
		C1E9827DB735CA9BAA54A540 = { isa = PBXNativeTarget; buildConfigurationList = 7BCEE9A04133D8A2FED7D4D3; buildPhases = (AFF87A50730392B6633ACECE, 7A4C2DC8FCA657188648E999, F9187E824FE171A6F0EFAE28); buildRules = (); dependencies = (); name = KComms; packageProductDependencies = (91DD037FCA979EBA5C4843D9); productName = KComms; productReference = 681C948D238C526E9E3424E0; productType = "com.apple.product-type.application"; };
		9805CBD60EB4F66728D5D195 = { isa = PBXNativeTarget; buildConfigurationList = 03DD3B561E55E02346DA0484; buildPhases = (DEE94446A282611C16F7781C, B10CDED79664567B030B2B4F); buildRules = (); dependencies = (F9A94CEF8CF7D85CE881E703); name = KCommsTests; productName = KCommsTests; productReference = F739566ED5280322FF98A798; productType = "com.apple.product-type.bundle.unit-test"; };
		244210E48437B6556980A702 = { isa = PBXProject; attributes = { BuildIndependentTargetsInParallel = YES; LastUpgradeCheck = 1640; TargetAttributes = { C1E9827DB735CA9BAA54A540 = { CreatedOnToolsVersion = 16.4; }; 9805CBD60EB4F66728D5D195 = { CreatedOnToolsVersion = 16.4; TestTargetID = C1E9827DB735CA9BAA54A540; }; }; }; buildConfigurationList = B4E10CAA9C5E22150B71559C; compatibilityVersion = "Xcode 15.0"; developmentRegion = en; hasScannedForEncodings = 0; knownRegions = (en, Base); mainGroup = 19F479106CE8C3BA8C106518; packageReferences = (C536310C15EC0DDD5285C0E8); productRefGroup = 0A3E27B8CA818264D75C8D81; projectDirPath = ""; projectRoot = ""; targets = (C1E9827DB735CA9BAA54A540, 9805CBD60EB4F66728D5D195); };
	};
	rootObject = 244210E48437B6556980A702;
}
